
Microsoft Visual Studio Solution File, Format Version 12.00
# Visual Studio Version 16
VisualStudioVersion = 16.0.31025.194
MinimumVisualStudioVersion = 10.0.40219.1
Project("{FAE04EC0-301F-11D3-BF4B-00C04F79EFBC}") = "IsItAnEvenNumberGame", "IsItAnEvenNumberGame\IsItAnEvenNumberGame.csproj", "{8BE85E3C-F5B7-44D0-B441-6007F7B84849}"
EndProject
Global
	GlobalSection(SolutionConfigurationPlatforms) = preSolution
		Debug|Any CPU = Debug|Any CPU
		Release|Any CPU = Release|Any CPU
	EndGlobalSection
	GlobalSection(ProjectConfigurationPlatforms) = postSolution
		{8BE85E3C-F5B7-44D0-B441-6007F7B84849}.Debug|Any CPU.ActiveCfg = Debug|Any CPU
		{8BE85E3C-F5B7-44D0-B441-6007F7B84849}.Debug|Any CPU.Build.0 = Debug|Any CPU
		{8BE85E3C-F5B7-44D0-B441-6007F7B84849}.Release|Any CPU.ActiveCfg = Release|Any CPU
		{8BE85E3C-F5B7-44D0-B441-6007F7B84849}.Release|Any CPU.Build.0 = Release|Any CPU
	EndGlobalSection
	GlobalSection(SolutionProperties) = preSolution
		HideSolutionNode = FALSE
	EndGlobalSection
	GlobalSection(ExtensibilityGlobals) = postSolution
		SolutionGuid = {FDCF1A42-F08C-4CFB-906C-90C9B8BE85F8}
	EndGlobalSection
EndGlobal
